[[package]]
name = "atomicwrites"
version = "1.4.1"
requires_python = ">=2.7, !=3.0.*, !=3.1.*, !=3.2.*, !=3.3.*"
summary = ""

[[package]]
name = "attrs"
version = "22.1.0"
requires_python = ">=3.5"
summary = "Classes Without Boilerplate"

[[package]]
name = "black"
version = "22.3.0"
requires_python = ">=3.6.2"
summary = "The uncompromising code formatter."
dependencies = [
    "click>=8.0.0",
    "mypy-extensions>=0.4.3",
    "pathspec>=0.9.0",
    "platformdirs>=2",
    "tomli>=1.1.0; python_version < \"3.11\"",
    "typing-extensions>=3.10.0.0; python_version < \"3.10\"",
]

[[package]]
name = "click"
version = "8.1.3"
requires_python = ">=3.7"
summary = "Composable command line interface toolkit"
dependencies = [
    "colorama; platform_system == \"Windows\"",
]

[[package]]
name = "colorama"
version = "0.4.5"
requires_python = ">=2.7, !=3.0.*, !=3.1.*, !=3.2.*, !=3.3.*, !=3.4.*"
summary = "Cross-platform colored terminal text."

[[package]]
name = "coverage"
version = "6.4.3"
requires_python = ">=3.7"
summary = "Code coverage measurement for Python"

[[package]]
name = "coverage"
version = "6.4.3"
extras = ["toml"]
requires_python = ">=3.7"
summary = "Code coverage measurement for Python"
dependencies = [
    "coverage==6.4.3",
    "tomli; python_full_version <= \"3.11.0a6\"",
]

[[package]]
name = "iniconfig"
version = "1.1.1"
summary = "iniconfig: brain-dead simple config-ini parsing"

[[package]]
name = "mypy-extensions"
version = "0.4.3"
summary = "Experimental type system extensions for programs checked with the mypy typechecker."

[[package]]
name = "numpy"
version = "1.23.2"
requires_python = ">=3.8"
summary = "NumPy is the fundamental package for array computing with Python."

[[package]]
name = "packaging"
version = "21.3"
requires_python = ">=3.6"
summary = "Core utilities for Python packages"
dependencies = [
    "pyparsing!=3.0.5,>=2.0.2",
]

[[package]]
name = "pandas"
version = "1.4.3"
requires_python = ">=3.8"
summary = "Powerful data structures for data analysis, time series, and statistics"
dependencies = [
    "numpy>=1.18.5; platform_machine != \"aarch64\" and platform_machine != \"arm64\" and python_version < \"3.10\"",
    "numpy>=1.19.2; platform_machine == \"aarch64\" and python_version < \"3.10\"",
    "numpy>=1.20.0; platform_machine == \"arm64\" and python_version < \"3.10\"",
    "numpy>=1.21.0; python_version >= \"3.10\"",
    "python-dateutil>=2.8.1",
    "pytz>=2020.1",
]

[[package]]
name = "pathspec"
version = "0.9.0"
requires_python = "!=3.0.*,!=3.1.*,!=3.2.*,!=3.3.*,!=3.4.*,>=2.7"
summary = "Utility library for gitignore style pattern matching of file paths."

[[package]]
name = "platformdirs"
version = "2.5.2"
requires_python = ">=3.7"
summary = "A small Python module for determining appropriate platform-specific dirs, e.g. a \"user data dir\"."

[[package]]
name = "pluggy"
version = "0.13.1"
requires_python = ">=2.7, !=3.0.*, !=3.1.*, !=3.2.*, !=3.3.*"
summary = "plugin and hook calling mechanisms for python"

[[package]]
name = "py"
version = "1.11.0"
requires_python = ">=2.7, !=3.0.*, !=3.1.*, !=3.2.*, !=3.3.*, !=3.4.*"
summary = "library with cross-python path, ini-parsing, io, code, log facilities"

[[package]]
name = "pyparsing"
version = "3.0.9"
requires_python = ">=3.6.8"
summary = "pyparsing module - Classes and methods to define and execute parsing grammars"

[[package]]
name = "pytest"
version = "6.2.0"
requires_python = ">=3.6"
summary = "pytest: simple powerful testing with Python"
dependencies = [
    "atomicwrites>=1.0; sys_platform == \"win32\"",
    "attrs>=19.2.0",
    "colorama; sys_platform == \"win32\"",
    "iniconfig",
    "packaging",
    "pluggy<1.0.0a1,>=0.12",
    "py>=1.8.2",
    "toml",
]

[[package]]
name = "pytest-cov"
version = "2.12.0"
requires_python = ">=2.7, !=3.0.*, !=3.1.*, !=3.2.*, !=3.3.*, !=3.4.*"
summary = "Pytest plugin for measuring coverage."
dependencies = [
    "coverage[toml]>=5.2.1",
    "pytest>=4.6",
]

[[package]]
name = "python-dateutil"
version = "2.8.2"
requires_python = "!=3.0.*,!=3.1.*,!=3.2.*,>=2.7"
summary = "Extensions to the standard Python datetime module"
dependencies = [
    "six>=1.5",
]

[[package]]
name = "pytz"
version = "2022.2.1"
summary = "World timezone definitions, modern and historical"

[[package]]
name = "six"
version = "1.16.0"
requires_python = ">=2.7, !=3.0.*, !=3.1.*, !=3.2.*"
summary = "Python 2 and 3 compatibility utilities"

[[package]]
name = "toml"
version = "0.10.2"
requires_python = ">=2.6, !=3.0.*, !=3.1.*, !=3.2.*"
summary = "Python Library for Tom's Obvious, Minimal Language"

[[package]]
name = "tomli"
version = "2.0.1"
requires_python = ">=3.7"
summary = "A lil' TOML parser"

[[package]]
name = "typing-extensions"
version = "4.3.0"
requires_python = ">=3.7"
summary = "Backported and Experimental Type Hints for Python 3.7+"

[metadata]
lock_version = "4.0"
content_hash = "sha256:d28e1c1d5a6be015594b2ab7197798683fddf3caa3b00591521efa02df420bfe"

[metadata.files]
"atomicwrites 1.4.1" = [
    {url = "https://files.pythonhosted.org/packages/87/c6/53da25344e3e3a9c01095a89f16dbcda021c609ddb42dd6d7c0528236fb2/atomicwrites-1.4.1.tar.gz", hash = "sha256:81b2c9071a49367a7f770170e5eec8cb66567cfbbc8c73d20ce5ca4a8d71cf11"},
]
"attrs 22.1.0" = [
    {url = "https://files.pythonhosted.org/packages/1a/cb/c4ffeb41e7137b23755a45e1bfec9cbb76ecf51874c6f1d113984ecaa32c/attrs-22.1.0.tar.gz", hash = "sha256:29adc2665447e5191d0e7c568fde78b21f9672d344281d0c6e1ab085429b22b6"},
    {url = "https://files.pythonhosted.org/packages/f2/bc/d817287d1aa01878af07c19505fafd1165cd6a119e9d0821ca1d1c20312d/attrs-22.1.0-py2.py3-none-any.whl", hash = "sha256:86efa402f67bf2df34f51a335487cf46b1ec130d02b8d39fd248abfd30da551c"},
]
"black 22.3.0" = [
    {url = "https://files.pythonhosted.org/packages/09/c0/e8e3695632ed25381cc71af6bae26187beb32817c3b78e7b486cb9a95c97/black-22.3.0-cp38-cp38-macosx_10_9_x86_64.whl", hash = "sha256:637a4014c63fbf42a692d22b55d8ad6968a946b4a6ebc385c5505d9625b6a464"},
    {url = "https://files.pythonhosted.org/packages/0f/1b/200a8a1ae28ff798ec7e4bff65ca2713a917f913d2da1db0160622540af0/black-22.3.0-cp37-cp37m-macosx_10_9_x86_64.whl", hash = "sha256:328efc0cc70ccb23429d6be184a15ce613f676bdfc85e5fe8ea2a9354b4e9015"},
    {url = "https://files.pythonhosted.org/packages/2e/ef/a38a2189959246543e60859fb65bd3143129f6d18dfc7bcdd79217f81ca2/black-22.3.0-py3-none-any.whl", hash = "sha256:bc58025940a896d7e5356952228b68f793cf5fcb342be703c3a2669a1488cb72"},
    {url = "https://files.pythonhosted.org/packages/31/1a/0233cdbfbcfbc0864d815cf28ca40cdb65acf3601f3bf943d6d04e867858/black-22.3.0-cp310-cp310-macosx_10_9_x86_64.whl", hash = "sha256:5795a0375eb87bfe902e80e0c8cfaedf8af4d49694d69161e5bd3206c18618bb"},
    {url = "https://files.pythonhosted.org/packages/33/bb/8f662d8807eb66ceac021bdf777185c65b843bf1b75af8412e16af4df2ac/black-22.3.0-cp38-cp38-manylinux_2_17_x86_64.manylinux2014_x86_64.whl", hash = "sha256:10dbe6e6d2988049b4655b2b739f98785a884d4d6b85bc35133a8fb9a2233176"},
    {url = "https://files.pythonhosted.org/packages/43/ba/fd965969581806c96110ce55855b7b4008678f5cbbf559c83db8aac30871/black-22.3.0-cp37-cp37m-manylinux_2_17_x86_64.manylinux2014_x86_64.whl", hash = "sha256:06f9d8846f2340dfac80ceb20200ea5d1b3f181dd0556b47af4e8e0b24fa0a6b"},
    {url = "https://files.pythonhosted.org/packages/4f/98/8f775455f99a8e4b16d8d26efdc8292f99b1c0ebfe04357d800ff379c0ae/black-22.3.0-cp310-cp310-macosx_11_0_arm64.whl", hash = "sha256:e3556168e2e5c49629f7b0f377070240bd5511e45e25a4497bb0073d9dda776a"},
    {url = "https://files.pythonhosted.org/packages/51/ec/c87695b087b7525fd9c7732c630455f231d3df9a300b730bd0e04ea00f84/black-22.3.0-cp39-cp39-manylinux_2_17_x86_64.manylinux2014_x86_64.whl", hash = "sha256:6ee227b696ca60dd1c507be80a6bc849a5a6ab57ac7352aad1ffec9e8b805f21"},
    {url = "https://files.pythonhosted.org/packages/56/74/c27c496223168af625d6bba8a14bc581e7742bf7248504a4b5743c374767/black-22.3.0-cp39-cp39-macosx_11_0_arm64.whl", hash = "sha256:ee8f1f7228cce7dffc2b464f07ce769f478968bfb3dd1254a4c2eeed84928aad"},
    {url = "https://files.pythonhosted.org/packages/59/31/9840f395f901067555a21df7d279d86f31a562cae6ca7381079bc402d555/black-22.3.0-cp36-cp36m-manylinux_2_17_x86_64.manylinux2014_x86_64.whl", hash = "sha256:6d2fc92002d44746d3e7db7cf9313cf4452f43e9ea77a2c939defce3b10b5c82"},
    {url = "https://files.pythonhosted.org/packages/5b/f9/e7aca76001a702dc258fb0443ca2553d5db13a3515c09062fbf344184363/black-22.3.0-cp39-cp39-win_amd64.whl", hash = "sha256:9b542ced1ec0ceeff5b37d69838106a6348e60db7b8fdd245294dc1d26136265"},
    {url = "https://files.pythonhosted.org/packages/5f/10/613ddfc646a1f51f24ad9173e4969025210fe9034a69718f08297ecb9b76/black-22.3.0-cp310-cp310-win_amd64.whl", hash = "sha256:fd57160949179ec517d32ac2ac898b5f20d68ed1a9c977346efbac9c2f1e779d"},
    {url = "https://files.pythonhosted.org/packages/7e/c8/ad41a7842f55b435b3f2c4c25ed8f2b74b01db79c074d6c97f34f2092e09/black-22.3.0-cp38-cp38-win_amd64.whl", hash = "sha256:cee3e11161dde1b2a33a904b850b0899e0424cc331b7295f2a9698e79f9a69a0"},
    {url = "https://files.pythonhosted.org/packages/93/98/6f7c2f7f81d87b5771febcee933ba58640fca29a767262763bc353074f63/black-22.3.0-cp310-cp310-manylinux_2_17_x86_64.manylinux2014_x86_64.whl", hash = "sha256:67c8301ec94e3bcc8906740fe071391bce40a862b7be0b86fb5382beefecd968"},
    {url = "https://files.pythonhosted.org/packages/98/a0/98fe3aee7a08c7c9d470e38326cefb86372fb08332125d5b0414a22ab49f/black-22.3.0-cp38-cp38-macosx_11_0_arm64.whl", hash = "sha256:863714200ada56cbc366dc9ae5291ceb936573155f8bf8e9de92aef51f3ad0f0"},
    {url = "https://files.pythonhosted.org/packages/99/04/1306d1c6328a32d8b38744899fdaba6218b9c6f3765b9b8f1be4855b80e8/black-22.3.0-cp36-cp36m-win_amd64.whl", hash = "sha256:a6342964b43a99dbc72f72812bf88cad8f0217ae9acb47c0d4f141a6416d2d7b"},
    {url = "https://files.pythonhosted.org/packages/a4/43/940f848d7d1ecf0be18453a293e5736e9ce60fd6197386a791bcc491f232/black-22.3.0-cp39-cp39-macosx_10_9_universal2.whl", hash = "sha256:5891ef8abc06576985de8fa88e95ab70641de6c1fca97e2a15820a9b69e51b20"},
    {url = "https://files.pythonhosted.org/packages/a9/64/4682e5c7ca539bef71cb9be592f649ff5f1e1134a8e72e2bff8632ade99d/black-22.3.0-cp38-cp38-macosx_10_9_universal2.whl", hash = "sha256:e8477ec6bbfe0312c128e74644ac8a02ca06bcdb8982d4ee06f209be28cdf163"},
    {url = "https://files.pythonhosted.org/packages/e1/1b/3ba8128f0b6e86d87343a1275e17baeeeee1a89e02d2a0d275f472be3310/black-22.3.0-cp310-cp310-macosx_10_9_universal2.whl", hash = "sha256:2497f9c2386572e28921fa8bec7be3e51de6801f7459dffd6e62492531c47e09"},
    {url = "https://files.pythonhosted.org/packages/e5/b7/e4e8907dffdac70f018ddb89681dbc77cbc7ac78d1f8a39259110a7e7943/black-22.3.0-cp39-cp39-macosx_10_9_x86_64.whl", hash = "sha256:30d78ba6bf080eeaf0b7b875d924b15cd46fec5fd044ddfbad38c8ea9171043a"},
    {url = "https://files.pythonhosted.org/packages/ea/53/47023b5ecc539c890fc1ff187b08086298d081f5439ed64cbf7448d4aab8/black-22.3.0-cp37-cp37m-win_amd64.whl", hash = "sha256:ad4efa5fad66b903b4a5f96d91461d90b9507a812b3c5de657d544215bb7877a"},
    {url = "https://files.pythonhosted.org/packages/ee/1f/b29c7371958ab41a800f8718f5d285bf4333b8d0b5a5a8650234463ee644/black-22.3.0.tar.gz", hash = "sha256:35020b8886c022ced9282b51b5a875b6d1ab0c387b31a065b84db7c33085ca79"},
    {url = "https://files.pythonhosted.org/packages/f7/11/3818eb66303c9648e0f51899ec1e16d8576a36b855fdcb03a82311b57c62/black-22.3.0-cp36-cp36m-macosx_10_9_x86_64.whl", hash = "sha256:cc1e1de68c8e5444e8f94c3670bb48a2beef0e91dddfd4fcc29595ebd90bb9ce"},
]
"click 8.1.3" = [
    {url = "https://files.pythonhosted.org/packages/59/87/84326af34517fca8c58418d148f2403df25303e02736832403587318e9e8/click-8.1.3.tar.gz", hash = "sha256:7682dc8afb30297001674575ea00d1814d808d6a36af415a82bd481d37ba7b8e"},
    {url = "https://files.pythonhosted.org/packages/c2/f1/df59e28c642d583f7dacffb1e0965d0e00b218e0186d7858ac5233dce840/click-8.1.3-py3-none-any.whl", hash = "sha256:bb4d8133cb15a609f44e8213d9b391b0809795062913b383c62be0ee95b1db48"},
]
"colorama 0.4.5" = [
    {url = "https://files.pythonhosted.org/packages/2b/65/24d033a9325ce42ccbfa3ca2d0866c7e89cc68e5b9d92ecaba9feef631df/colorama-0.4.5.tar.gz", hash = "sha256:e6c6b4334fc50988a639d9b98aa429a0b57da6e17b9a44f0451f930b6967b7a4"},
    {url = "https://files.pythonhosted.org/packages/77/8b/7550e87b2d308a1b711725dfaddc19c695f8c5fa413c640b2be01662f4e6/colorama-0.4.5-py2.py3-none-any.whl", hash = "sha256:854bf444933e37f5824ae7bfc1e98d5bce2ebe4160d46b5edf346a89358e99da"},
]
"coverage 6.4.3" = [
    {url = "https://files.pythonhosted.org/packages/02/98/9fb7c1c92f4436117f345bcbbaaaf37af6730b991383b97353110dcdf1f8/coverage-6.4.3-cp39-cp39-macosx_11_0_arm64.whl", hash = "sha256:adf1a0d272633b21d645dd6e02e3293429c1141c7d65a58e4cbcd592d53b8e01"},
    {url = "https://files.pythonhosted.org/packages/07/5a/7df57ee2e70584a10a1355793fe2081a74b19753ecf5cdc0fdcf7a11dfb3/coverage-6.4.3-cp37-cp37m-win32.whl", hash = "sha256:ab9ef0187d6c62b09dec83a84a3b94f71f9690784c84fd762fb3cf2d2b44c914"},
    {url = "https://files.pythonhosted.org/packages/19/52/7056ae02fd4955ba1abe83ac72d33511d5fd2e41c0a906695aa558da6e7b/coverage-6.4.3-cp38-cp38-macosx_10_9_x86_64.whl", hash = "sha256:bc698580216050b5f4a34d2cdd2838b429c53314f1c4835fab7338200a8396f2"},
    {url = "https://files.pythonhosted.org/packages/1e/37/bd2cf47fe1de3b6b0fcbc6c9bbce5266a0d71c02c13244a08881a35cbdce/coverage-6.4.3-cp310-cp310-manylinux_2_5_x86_64.manylinux1_x86_64.manylinux_2_17_x86_64.manylinux2014_x86_64.whl", hash = "sha256:05de0762c1caed4a162b3e305f36cf20a548ff4da0be6766ad5c870704be3660"},
    {url = "https://files.pythonhosted.org/packages/1e/4d/684175a4945fd35964f3d2a4b66c6ca35b3b03741067d4e13cf79168d46a/coverage-6.4.3-cp38-cp38-win32.whl", hash = "sha256:ab2b1a89d2bc7647622e9eaf06128a5b5451dccf7c242deaa31420b055716481"},
    {url = "https://files.pythonhosted.org/packages/25/b2/26c5bf1497eaf14bbd9d9b93bcb4a947a58c2b57233799b2700f415ab7c9/coverage-6.4.3-cp39-cp39-musllinux_1_1_aarch64.whl", hash = "sha256:fc294de50941d3da66a09dca06e206297709332050973eca17040278cb0918ff"},
    {url = "https://files.pythonhosted.org/packages/32/c5/5e5833660ae06ecd7713ede0586329a827ed00d8b023513b6cee83713208/coverage-6.4.3-cp37-cp37m-musllinux_1_1_aarch64.whl", hash = "sha256:5a559aab40c716de80c7212295d0dc96bc1b6c719371c20dd18c5187c3155518"},
    {url = "https://files.pythonhosted.org/packages/3b/0e/650b185431a2bb03f580ae8fa042c7355468088a904d2000e7ff94c2dfb0/coverage-6.4.3-cp38-cp38-musllinux_1_1_i686.whl", hash = "sha256:411fdd9f4203afd93b056c0868c8f9e5e16813e765de962f27e4e5798356a052"},
    {url = "https://files.pythonhosted.org/packages/43/0e/47365f030698de2da986e4bdfba404a3613cba1db123d55fd3e923be0c00/coverage-6.4.3-cp37-cp37m-musllinux_1_1_i686.whl", hash = "sha256:306788fd019bb90e9cbb83d3f3c6becad1c048dd432af24f8320cf38ac085684"},
    {url = "https://files.pythonhosted.org/packages/46/b3/f31486b5e098c2a03f09b8033c3bd9df2ea63d7f6861dc55228cc4851321/coverage-6.4.3-cp310-cp310-win32.whl", hash = "sha256:73a10939dc345460ca0655356a470dd3de9759919186a82383c87b6eb315faf2"},
    {url = "https://files.pythonhosted.org/packages/4d/d4/d4b511312729be53ada212792315f179d721b317053e7d7fa8644c3df005/coverage-6.4.3-cp37-cp37m-manylinux_2_5_i686.manylinux1_i686.manylinux_2_17_i686.manylinux2014_i686.whl", hash = "sha256:d75314b00825d70e1e34b07396e23f47ed1d4feedc0122748f9f6bd31a544840"},
    {url = "https://files.pythonhosted.org/packages/53/af/cb876acef3823eb5af58ab5b9cc271a7054f5111d6ea669f0b6193b19707/coverage-6.4.3-cp39-cp39-win32.whl", hash = "sha256:f217850ac0e046ede611312703423767ca032a7b952b5257efac963942c055de"},
    {url = "https://files.pythonhosted.org/packages/55/23/ec5b740dfe79e9a5972873997d85e3d0b1d08b6d17fe69034a04916ec9d0/coverage-6.4.3-cp310-cp310-macosx_10_9_x86_64.whl", hash = "sha256:f50d3a822947572496ea922ee7825becd8e3ae6fbd2400cd8236b7d64b17f285"},
    {url = "https://files.pythonhosted.org/packages/5a/1a/d1df308a7d7c8077664a8e70e1a2cbca7d54497aa38f4d35b6178e6134fc/coverage-6.4.3-cp39-cp39-manylinux_2_5_i686.manylinux1_i686.manylinux_2_17_i686.manylinux2014_i686.whl", hash = "sha256:923f9084d7e1d31b5f74c92396b05b18921ed01ee5350402b561a79dce3ea48d"},
    {url = "https://files.pythonhosted.org/packages/72/bf/3896381becfd8ee66be4d4b65fbf354d91a51a0306b8bc8cddd91a3ae679/coverage-6.4.3.tar.gz", hash = "sha256:ec2ae1f398e5aca655b7084392d23e80efb31f7a660d2eecf569fb9f79b3fb94"},
    {url = "https://files.pythonhosted.org/packages/7a/26/df8dfdc984e2b528cd93328ac48ee076b595da6c56a24c2fcab152238f07/coverage-6.4.3-cp38-cp38-musllinux_1_1_aarch64.whl", hash = "sha256:7856ea39059d75f822ff0df3a51ea6d76307c897048bdec3aad1377e4e9dca20"},
    {url = "https://files.pythonhosted.org/packages/7c/2a/de52bb9187885bbf90fd89462d81ab28f9f40d090623491b80a8528a6910/coverage-6.4.3-cp38-cp38-macosx_11_0_arm64.whl", hash = "sha256:877ee5478fd78e100362aed56db47ccc5f23f6e7bb035a8896855f4c3e49bc9b"},
    {url = "https://files.pythonhosted.org/packages/8a/99/6f461039a3d1754604084a535965ad4e6ae6bbad4b191deaac22b5c02cf1/coverage-6.4.3-cp37-cp37m-macosx_10_9_x86_64.whl", hash = "sha256:f1eda5cae434282712e40b42aaf590b773382afc3642786ac3ed39053973f61f"},
    {url = "https://files.pythonhosted.org/packages/8d/57/fba4c25b70bdb40c992733d48d3740800dca1b927ec6a2b05d9fc992078f/coverage-6.4.3-cp38-cp38-manylinux_2_17_aarch64.manylinux2014_aarch64.whl", hash = "sha256:555a498999c44f5287cc95500486cd0d4f021af9162982cbe504d4cb388f73b5"},
    {url = "https://files.pythonhosted.org/packages/8f/d6/ceba88f2eaaeae2df31c54d4fa7faad2e7df54a1fcd6c4b0dddeb90a4ac5/coverage-6.4.3-cp38-cp38-musllinux_1_1_x86_64.whl", hash = "sha256:cdf7b83f04a313a21afb1f8730fe4dd09577fefc53bbdfececf78b2006f4268e"},
    {url = "https://files.pythonhosted.org/packages/a2/2d/f392e2d59f7ab0d0c6d6a6ced8bc63440c5e2e1b425545df95064fdb53d6/coverage-6.4.3-cp310-cp310-musllinux_1_1_x86_64.whl", hash = "sha256:a0d2df4227f645a879010461df2cea6b7e3fb5a97d7eafa210f7fb60345af9e8"},
    {url = "https://files.pythonhosted.org/packages/a5/6a/5a201c1b85c5c406c5ee5be4d17c223ad71a5f77937fe9a680b02e6a1fb3/coverage-6.4.3-cp39-cp39-manylinux_2_5_x86_64.manylinux1_x86_64.manylinux_2_17_x86_64.manylinux2014_x86_64.whl", hash = "sha256:e4d64304acf79766e650f7acb81d263a3ea6e2d0d04c5172b7189180ff2c023c"},
    {url = "https://files.pythonhosted.org/packages/a7/be/f8148ab0a34f180851a1751ed72c935a8f32d922037f34c3aa406fd70dc9/coverage-6.4.3-cp310-cp310-musllinux_1_1_aarch64.whl", hash = "sha256:0e3a41aad5919613483aad9ebd53336905cab1bd6788afd3995c2a972d89d795"},
    {url = "https://files.pythonhosted.org/packages/a8/50/ab9f27b02307d11ecb184efedd9e649459d6e17dd86bcf1025c52d5eb095/coverage-6.4.3-cp39-cp39-manylinux_2_17_aarch64.manylinux2014_aarch64.whl", hash = "sha256:ff9832434a9193fbd716fbe05f9276484e18d26cc4cf850853594bb322807ac3"},
    {url = "https://files.pythonhosted.org/packages/b0/9b/b80e3fc42f6942077551dbc593227c06354b5db446760e67ec6b61aa503d/coverage-6.4.3-cp39-cp39-macosx_10_9_x86_64.whl", hash = "sha256:b104b6b1827d6a22483c469e3983a204bcf9c6bf7544bf90362c4654ebc2edf3"},
    {url = "https://files.pythonhosted.org/packages/b2/89/e17f519b13d1c62a154485efdf547ca98d4179a4c3d97c5dbae7fb1c5fb5/coverage-6.4.3-cp310-cp310-manylinux_2_17_aarch64.manylinux2014_aarch64.whl", hash = "sha256:04010af3c06ce2bfeb3b1e4e05d136f88d88c25f76cd4faff5d1fd84d11581ea"},
    {url = "https://files.pythonhosted.org/packages/b9/1f/5704ce67cb66bc22e78e0e071ca1f8d136bb0d5abfc76fecaa24264323fd/coverage-6.4.3-cp310-cp310-macosx_11_0_arm64.whl", hash = "sha256:d5191d53afbe5b6059895fa7f58223d3751c42b8101fb3ce767e1a0b1a1d8f87"},
    {url = "https://files.pythonhosted.org/packages/c5/84/461934c8d3fe5f864ad35402de9fab652a6f6531752fbcb4101ed3985bac/coverage-6.4.3-cp310-cp310-manylinux_2_5_i686.manylinux1_i686.manylinux_2_17_i686.manylinux2014_i686.whl", hash = "sha256:6630d8d943644ea62132789940ca97d05fac83f73186eaf0930ffa715fbdab6b"},
    {url = "https://files.pythonhosted.org/packages/c8/0d/97f88053fa47b5736a5c80ce32757ab0b37d0b541fff5bf15bfda010b0f2/coverage-6.4.3-cp310-cp310-win_amd64.whl", hash = "sha256:53c8edd3b83a4ddba3d8c506f1359401e7770b30f2188f15c17a338adf5a14db"},
    {url = "https://files.pythonhosted.org/packages/d1/b1/4120b124e57d7da46a180b2065ca0061efa76ea83b1e8cd07989c8f7c401/coverage-6.4.3-cp38-cp38-manylinux_2_5_i686.manylinux1_i686.manylinux_2_17_i686.manylinux2014_i686.whl", hash = "sha256:eff095a5aac7011fdb51a2c82a8fae9ec5211577f4b764e1e59cfa27ceeb1b59"},
    {url = "https://files.pythonhosted.org/packages/d3/da/4f32b46ee7dc189aef756bcbf60c3ecdf18128b5c9bccfbde4a10fd38f55/coverage-6.4.3-cp38-cp38-manylinux_2_5_x86_64.manylinux1_x86_64.manylinux_2_17_x86_64.manylinux2014_x86_64.whl", hash = "sha256:5de1e9335e2569974e20df0ce31493d315a830d7987e71a24a2a335a8d8459d3"},
    {url = "https://files.pythonhosted.org/packages/d6/d6/448634e5818fda257cf64dfb004528e042138625c600b895a3c4e1f49eb5/coverage-6.4.3-cp38-cp38-win_amd64.whl", hash = "sha256:0e34247274bde982bbc613894d33f9e36358179db2ed231dd101c48dd298e7b0"},
    {url = "https://files.pythonhosted.org/packages/da/ab/64dbfdae362c6e2696c07d3ec19d4c00b10ca85a5430d7669e24fd58a6f4/coverage-6.4.3-cp39-cp39-musllinux_1_1_x86_64.whl", hash = "sha256:4822327b35cb032ff16af3bec27f73985448f08e874146b5b101e0e558b613dd"},
    {url = "https://files.pythonhosted.org/packages/df/83/194a9e576faebbf371338a461af5f5464cf7ec3c80ed616cd7f9f23a5040/coverage-6.4.3-pp36.pp37.pp38-none-any.whl", hash = "sha256:068d6f2a893af838291b8809c876973d885543411ea460f3e6886ac0ee941732"},
    {url = "https://files.pythonhosted.org/packages/e1/32/e4c1970794ff62fdf94182a68ebe9e8a96f4720659c0687122ca57087624/coverage-6.4.3-cp310-cp310-musllinux_1_1_i686.whl", hash = "sha256:a2738ba1ee544d6f294278cfb6de2dc1f9a737a780469b5366e662a218f806c3"},
    {url = "https://files.pythonhosted.org/packages/e2/db/2dcb6b3f1b91bc682e11f0231a5f7093ec2ddc847ad34ce87bab85eb3858/coverage-6.4.3-cp39-cp39-win_amd64.whl", hash = "sha256:0a84376e4fd13cebce2c0ef8c2f037929c8307fb94af1e5dbe50272a1c651b5d"},
    {url = "https://files.pythonhosted.org/packages/e3/82/82612958a937aaef699d8e7846a8f4302d3f63008990c83c6f62ce29632e/coverage-6.4.3-cp37-cp37m-win_amd64.whl", hash = "sha256:39ebd8e120cb77a06ee3d5fc26f9732670d1c397d7cd3acf02f6f62693b89b80"},
    {url = "https://files.pythonhosted.org/packages/e5/a5/f90ebe1d1f30b19fe185c784318e380e34cf6cbb11775f09399efd7bdfda/coverage-6.4.3-cp37-cp37m-manylinux_2_5_x86_64.manylinux1_x86_64.manylinux_2_17_x86_64.manylinux2014_x86_64.whl", hash = "sha256:52f8b9fcf3c5e427d51bbab1fb92b575a9a9235d516f175b24712bcd4b5be917"},
    {url = "https://files.pythonhosted.org/packages/ea/b5/f82e90416eed8bbb705f4ba3a1c5b1c1773060093e545af49e112e110518/coverage-6.4.3-cp37-cp37m-musllinux_1_1_x86_64.whl", hash = "sha256:920a734fe3d311ca01883b4a19aa386c97b82b69fbc023458899cff0a0d621b9"},
    {url = "https://files.pythonhosted.org/packages/ea/ff/bd5f5401d25b53dcf6e4da2e46cfb0e139bf3ddbf3468179af0319774e83/coverage-6.4.3-cp37-cp37m-manylinux_2_17_aarch64.manylinux2014_aarch64.whl", hash = "sha256:59fc88bc13e30f25167e807b8cad3c41b7218ef4473a20c86fd98a7968733083"},
    {url = "https://files.pythonhosted.org/packages/ee/1a/ea125bdde30f3d5089eda690de51ee07f1f8851c2e9b50c0ee10e3f1acda/coverage-6.4.3-cp39-cp39-musllinux_1_1_i686.whl", hash = "sha256:a42eaaae772f14a5194f181740a67bfd48e8806394b8c67aa4399e09d0d6b5db"},
]
"iniconfig 1.1.1" = [
    {url = "https://files.pythonhosted.org/packages/23/a2/97899f6bd0e873fed3a7e67ae8d3a08b21799430fb4da15cfedf10d6e2c2/iniconfig-1.1.1.tar.gz", hash = "sha256:bc3af051d7d14b2ee5ef9969666def0cd1a000e121eaea580d4a313df4b37f32"},
    {url = "https://files.pythonhosted.org/packages/9b/dd/b3c12c6d707058fa947864b67f0c4e0c39ef8610988d7baea9578f3c48f3/iniconfig-1.1.1-py2.py3-none-any.whl", hash = "sha256:011e24c64b7f47f6ebd835bb12a743f2fbe9a26d4cecaa7f53bc4f35ee9da8b3"},
]
"mypy-extensions 0.4.3" = [
    {url = "https://files.pythonhosted.org/packages/5c/eb/975c7c080f3223a5cdaff09612f3a5221e4ba534f7039db34c35d95fa6a5/mypy_extensions-0.4.3-py2.py3-none-any.whl", hash = "sha256:090fedd75945a69ae91ce1303b5824f428daf5a028d2f6ab8a299250a846f15d"},
    {url = "https://files.pythonhosted.org/packages/63/60/0582ce2eaced55f65a4406fc97beba256de4b7a95a0034c6576458c6519f/mypy_extensions-0.4.3.tar.gz", hash = "sha256:2d82818f5bb3e369420cb3c4060a7970edba416647068eb4c5343488a6c604a8"},
]
"numpy 1.23.2" = [
    {url = "https://files.pythonhosted.org/packages/10/8e/843caee5e70d9edb8b01dc9418edbf475200abde5299136683006ed2d58b/numpy-1.23.2-cp311-cp311-macosx_11_0_arm64.whl", hash = "sha256:ecfdd68d334a6b97472ed032b5b37a30d8217c097acfff15e8452c710e775524"},
    {url = "https://files.pythonhosted.org/packages/14/ef/726b45ca7229d54d42f012b20e879b3566f794ce1ee3950ecc34f84f3821/numpy-1.23.2-cp39-cp39-macosx_11_0_arm64.whl", hash = "sha256:806cc25d5c43e240db709875e947076b2826f47c2c340a5a2f36da5bb10c58d6"},
    {url = "https://files.pythonhosted.org/packages/15/aa/f831165eefc6e0f10082db7b314871490f30791f9e6a2ddc404828c77e67/numpy-1.23.2-cp310-cp310-manylinux_2_17_aarch64.manylinux2014_aarch64.whl", hash = "sha256:17e5226674f6ea79e14e3b91bfbc153fdf3ac13f5cc54ee7bc8fdbe820a32da0"},
    {url = "https://files.pythonhosted.org/packages/15/b1/166dc9111024caedff5f9bcce8f115ac532e0b117eddbb4cc545c42228e9/numpy-1.23.2-cp310-cp310-win_amd64.whl", hash = "sha256:8ebf7e194b89bc66b78475bd3624d92980fca4e5bb86dda08d677d786fefc414"},
    {url = "https://files.pythonhosted.org/packages/18/51/07c1c49cbf334b54f3f7a73c5a84a8244049bdf716b06611ff9de435620e/numpy-1.23.2-cp311-cp311-macosx_10_9_x86_64.whl", hash = "sha256:dc76bca1ca98f4b122114435f83f1fcf3c0fe48e4e6f660e07996abf2f53903c"},
    {url = "https://files.pythonhosted.org/packages/1f/9f/6c5e5076834e009c9a5fd009a8b8dedeb56976b64b71a53b718c916b43a3/numpy-1.23.2-pp38-pypy38_pp73-manylinux_2_17_x86_64.manylinux2014_x86_64.whl", hash = "sha256:2bd879d3ca4b6f39b7770829f73278b7c5e248c91d538aab1e506c628353e47f"},
    {url = "https://files.pythonhosted.org/packages/27/4b/4ee1067b542fbff6acc64ca937e7920f40706921ed5e3ea53f46a1d15670/numpy-1.23.2-cp311-cp311-manylinux_2_17_x86_64.manylinux2014_x86_64.whl", hash = "sha256:ac987b35df8c2a2eab495ee206658117e9ce867acf3ccb376a19e83070e69418"},
    {url = "https://files.pythonhosted.org/packages/2c/5b/ba2f6d662dfc0c8c9927c05faf2e722a7a7f417ad4665800f819174b818f/numpy-1.23.2-cp38-cp38-manylinux_2_17_x86_64.manylinux2014_x86_64.whl", hash = "sha256:bd5b7ccae24e3d8501ee5563e82febc1771e73bd268eef82a1e8d2b4d556ae66"},
    {url = "https://files.pythonhosted.org/packages/30/1c/729be6462c939a75f6e484ced255ce6ef4dbba1354b56928123c588deb48/numpy-1.23.2-cp38-cp38-manylinux_2_17_aarch64.manylinux2014_aarch64.whl", hash = "sha256:b8b97a8a87cadcd3f94659b4ef6ec056261fa1e1c3317f4193ac231d4df70215"},
    {url = "https://files.pythonhosted.org/packages/36/34/592e7862766847bb103e17518a149f7da83c3b223c7b8933bc26bbaf078b/numpy-1.23.2-cp39-cp39-win32.whl", hash = "sha256:cf8c6aed12a935abf2e290860af8e77b26a042eb7f2582ff83dc7ed5f963340c"},
    {url = "https://files.pythonhosted.org/packages/49/c9/fa9cbbf6f9a1d870bf8e89d462dc46831728d02e6bcee477ed5bda6fced5/numpy-1.23.2-cp311-cp311-win32.whl", hash = "sha256:d98addfd3c8728ee8b2c49126f3c44c703e2b005d4a95998e2167af176a9e722"},
    {url = "https://files.pythonhosted.org/packages/7a/c3/38e826f1c0697e7c5f50ebcfc15672b53d5204c629f2203f4c018d6f39b0/numpy-1.23.2-cp310-cp310-macosx_10_9_x86_64.whl", hash = "sha256:e603ca1fb47b913942f3e660a15e55a9ebca906857edfea476ae5f0fe9b457d5"},
    {url = "https://files.pythonhosted.org/packages/7f/99/43b8e647339c633c0648a6b29a8989971effb1ec03dd6994a1e23c6d3c08/numpy-1.23.2-cp310-cp310-manylinux_2_17_x86_64.manylinux2014_x86_64.whl", hash = "sha256:bdc02c0235b261925102b1bd586579b7158e9d0d07ecb61148a1799214a4afd5"},
    {url = "https://files.pythonhosted.org/packages/8e/09/ddc6c59633bd34d716ac9bbefb945368bbcbb620fbcc3b45b1e4e6850651/numpy-1.23.2-cp38-cp38-win32.whl", hash = "sha256:9b83d48e464f393d46e8dd8171687394d39bc5abfe2978896b77dc2604e8635d"},
    {url = "https://files.pythonhosted.org/packages/94/a8/f49341e9b3d766be1aaaeeb0f3b5ea783c03fe858b825e30259e6fa63ecd/numpy-1.23.2-cp39-cp39-win_amd64.whl", hash = "sha256:5e28cd64624dc2354a349152599e55308eb6ca95a13ce6a7d5679ebff2962913"},
    {url = "https://files.pythonhosted.org/packages/96/2b/4c7c7b171e4112c65c88780ae9834e3bbcd44d443cc422b3422d0de1b0e4/numpy-1.23.2-cp311-cp311-manylinux_2_17_aarch64.manylinux2014_aarch64.whl", hash = "sha256:5593f67e66dea4e237f5af998d31a43e447786b2154ba1ad833676c788f37cde"},
    {url = "https://files.pythonhosted.org/packages/9f/de/e59ba2debde8bd3ef09f48222ad008c7ec8f21d5aef154869f08bbf487b8/numpy-1.23.2-cp38-cp38-macosx_11_0_arm64.whl", hash = "sha256:8247f01c4721479e482cc2f9f7d973f3f47810cbc8c65e38fd1bbd3141cc9842"},
    {url = "https://files.pythonhosted.org/packages/a5/ed/803b31039f613058b1359d48ca3a6be8116d7a49c644ab5958d0c059caf2/numpy-1.23.2-pp38-pypy38_pp73-win_amd64.whl", hash = "sha256:be6b350dfbc7f708d9d853663772a9310783ea58f6035eec649fb9c4371b5389"},
    {url = "https://files.pythonhosted.org/packages/bd/f3/25f99b1312a072b729249293528a38327debf2b8e93aa84b59832e2c1a1f/numpy-1.23.2-cp310-cp310-macosx_11_0_arm64.whl", hash = "sha256:633679a472934b1c20a12ed0c9a6c9eb167fbb4cb89031939bfd03dd9dbc62b8"},
    {url = "https://files.pythonhosted.org/packages/c9/df/489be4464354bfb64b0ccae199740c4d89ce8b2a32ae2365c48166fd551a/numpy-1.23.2-cp39-cp39-macosx_10_9_x86_64.whl", hash = "sha256:4f41f5bf20d9a521f8cab3a34557cd77b6f205ab2116651f12959714494268b0"},
    {url = "https://files.pythonhosted.org/packages/d0/d2/eb5aad7aae64618a128d0de3909058403cad0fd0391e0e21e302a8f7755c/numpy-1.23.2-cp39-cp39-manylinux_2_17_aarch64.manylinux2014_aarch64.whl", hash = "sha256:8f9d84a24889ebb4c641a9b99e54adb8cab50972f0166a3abc14c3b93163f074"},
    {url = "https://files.pythonhosted.org/packages/d5/57/29aa1125ebfa31c62386356a77ac68693c7bf32fb7d8d5deb97c875eeb4b/numpy-1.23.2-cp310-cp310-win32.whl", hash = "sha256:df28dda02c9328e122661f399f7655cdcbcf22ea42daa3650a26bce08a187450"},
    {url = "https://files.pythonhosted.org/packages/f4/66/17b8e95770478436bf968353c89683ce6f9e14d92e0d4fb3111c09ba18d2/numpy-1.23.2.tar.gz", hash = "sha256:b78d00e48261fbbd04aa0d7427cf78d18401ee0abd89c7559bbf422e5b1c7d01"},
    {url = "https://files.pythonhosted.org/packages/f5/85/3b622959cc922874aee72fc5c9db87c3e3779c7404d0370faab80450a3f3/numpy-1.23.2-cp311-cp311-win_amd64.whl", hash = "sha256:8ecb818231afe5f0f568c81f12ce50f2b828ff2b27487520d85eb44c71313b9e"},
    {url = "https://files.pythonhosted.org/packages/f6/20/001995044e785ee7b806785dcbf052c62bfd28f3b4bc1562b3d612754828/numpy-1.23.2-pp38-pypy38_pp73-macosx_10_9_x86_64.whl", hash = "sha256:806970e69106556d1dd200e26647e9bee5e2b3f1814f9da104a943e8d548ca38"},
    {url = "https://files.pythonhosted.org/packages/f8/ea/ff38168d6565a8549f819699cac4d89bbc38fc5b27fb94f8e92bcd713348/numpy-1.23.2-cp39-cp39-manylinux_2_17_x86_64.manylinux2014_x86_64.whl", hash = "sha256:c403c81bb8ffb1c993d0165a11493fd4bf1353d258f6997b3ee288b0a48fce77"},
    {url = "https://files.pythonhosted.org/packages/fa/ca/5e0d36d65772b5ff586e94103cd9b2de216e544444651fc2681165c6d02c/numpy-1.23.2-cp38-cp38-win_amd64.whl", hash = "sha256:dec198619b7dbd6db58603cd256e092bcadef22a796f778bf87f8592b468441d"},
    {url = "https://files.pythonhosted.org/packages/fc/90/fa2ca0f2fcabbfd970e1e78f820d8639683c36525e1c89d9bd20e69230a7/numpy-1.23.2-cp38-cp38-macosx_10_9_x86_64.whl", hash = "sha256:909c56c4d4341ec8315291a105169d8aae732cfb4c250fbc375a1efb7a844f8f"},
]
"packaging 21.3" = [
    {url = "https://files.pythonhosted.org/packages/05/8e/8de486cbd03baba4deef4142bd643a3e7bbe954a784dc1bb17142572d127/packaging-21.3-py3-none-any.whl", hash = "sha256:ef103e05f519cdc783ae24ea4e2e0f508a9c99b2d4969652eed6a2e1ea5bd522"},
    {url = "https://files.pythonhosted.org/packages/df/9e/d1a7217f69310c1db8fdf8ab396229f55a699ce34a203691794c5d1cad0c/packaging-21.3.tar.gz", hash = "sha256:dd47c42927d89ab911e606518907cc2d3a1f38bbd026385970643f9c5b8ecfeb"},
]
"pandas 1.4.3" = [
    {url = "https://files.pythonhosted.org/packages/23/a8/ef55120b69b0afb4d240ad5fd511be90955dfa2e02ef49a185ac639a4060/pandas-1.4.3-cp38-cp38-win_amd64.whl", hash = "sha256:605d572126eb4ab2eadf5c59d5d69f0608df2bf7bcad5c5880a47a20a0699e3e"},
    {url = "https://files.pythonhosted.org/packages/2c/3f/7c1689ab9489709e218805df225a58cc2958e21ea301eb4b9f6dd9ab914a/pandas-1.4.3-cp39-cp39-macosx_10_9_x86_64.whl", hash = "sha256:07238a58d7cbc8a004855ade7b75bbd22c0db4b0ffccc721556bab8a095515f6"},
    {url = "https://files.pythonhosted.org/packages/41/81/1686c25606ac4a1228769be5558cef8d54c0fbc987c5d592fa7d01087b16/pandas-1.4.3-cp310-cp310-manylinux_2_17_aarch64.manylinux2014_aarch64.whl", hash = "sha256:e48fbb64165cda451c06a0f9e4c7a16b534fcabd32546d531b3c240ce2844112"},
    {url = "https://files.pythonhosted.org/packages/43/6c/42fdab624ffc6f3e5664245c452ae523182440037f13906965709a478fa2/pandas-1.4.3-cp38-cp38-win32.whl", hash = "sha256:48350592665ea3cbcd07efc8c12ff12d89be09cd47231c7925e3b8afada9d50d"},
    {url = "https://files.pythonhosted.org/packages/45/be/6cba7d58f50ddea41209cc3e2ccd3b2f1551cb62b786c502f483e9961b50/pandas-1.4.3-cp38-cp38-manylinux_2_17_aarch64.manylinux2014_aarch64.whl", hash = "sha256:78b00429161ccb0da252229bcda8010b445c4bf924e721265bec5a6e96a92e92"},
    {url = "https://files.pythonhosted.org/packages/4c/a6/5318e93cbdeefa9ce97b595047e6138beb4919b89a863a8da0f8987be77e/pandas-1.4.3-cp38-cp38-macosx_11_0_arm64.whl", hash = "sha256:d6c0106415ff1a10c326c49bc5dd9ea8b9897a6ca0c8688eb9c30ddec49535ef"},
    {url = "https://files.pythonhosted.org/packages/56/af/ad25a652983d250158b91f9fc044f70359d20c34b1c671b0c1cecc2e85d2/pandas-1.4.3-cp38-cp38-macosx_10_9_universal2.whl", hash = "sha256:24ea75f47bbd5574675dae21d51779a4948715416413b30614c1e8b480909f81"},
    {url = "https://files.pythonhosted.org/packages/60/a6/998a96dfc6375874670b140c1dab6125fcec49736555cfdcb41e39187642/pandas-1.4.3-cp39-cp39-win_amd64.whl", hash = "sha256:721a3dd2f06ef942f83a819c0f3f6a648b2830b191a72bbe9451bcd49c3bd42e"},
    {url = "https://files.pythonhosted.org/packages/74/80/114ce64b02347bbadc70b7e8de3a0076ec346fb6e315ead06756cbc1bcb9/pandas-1.4.3-cp310-cp310-macosx_10_9_universal2.whl", hash = "sha256:d51674ed8e2551ef7773820ef5dab9322be0828629f2cbf8d1fc31a0c4fed640"},
    {url = "https://files.pythonhosted.org/packages/76/60/82eb766bfdd8979470a256048318639f86d9968c3afccc40af73fe20008a/pandas-1.4.3-cp39-cp39-win32.whl", hash = "sha256:0daf876dba6c622154b2e6741f29e87161f844e64f84801554f879d27ba63c0d"},
    {url = "https://files.pythonhosted.org/packages/8b/de/6b3be78f2360e97fba531584e4d86428a6bfe194ec4b3acce5df604a2aab/pandas-1.4.3-cp310-cp310-win_amd64.whl", hash = "sha256:2893e923472a5e090c2d5e8db83e8f907364ec048572084c7d10ef93546be6d1"},
    {url = "https://files.pythonhosted.org/packages/8f/67/7bf106bf405e28a0a0afa9284232dd9b13ffd0cef4eb11c5346849412b86/pandas-1.4.3-cp39-cp39-macosx_10_9_universal2.whl", hash = "sha256:a3924692160e3d847e18702bb048dc38e0e13411d2b503fecb1adf0fcf950ba4"},
    {url = "https://files.pythonhosted.org/packages/a5/ac/6c04be2c26e8c839659b7bcdc7a4bcd4e5366867bff8027ffd1cae58b806/pandas-1.4.3-cp39-cp39-manylinux_2_17_x86_64.manylinux2014_x86_64.whl", hash = "sha256:1d9382f72a4f0e93909feece6fef5500e838ce1c355a581b3d8f259839f2ea76"},
    {url = "https://files.pythonhosted.org/packages/c8/85/8afe540bd0299c4d58f0a5b88acc49a8021804abe05a00d2cbc2fccde873/pandas-1.4.3-cp38-cp38-macosx_10_9_x86_64.whl", hash = "sha256:d5ebc990bd34f4ac3c73a2724c2dcc9ee7bf1ce6cf08e87bb25c6ad33507e318"},
    {url = "https://files.pythonhosted.org/packages/ca/b0/2994a42e3852deb3aaa4af7804a04f9defb13a6f2e6edc6328683700d386/pandas-1.4.3-cp39-cp39-manylinux_2_17_aarch64.manylinux2014_aarch64.whl", hash = "sha256:41fc406e374590a3d492325b889a2686b31e7a7780bec83db2512988550dadbf"},
    {url = "https://files.pythonhosted.org/packages/d1/55/18b00a5426ad8a89944ab93b6b29773a556dc06af8b53a29031f861009e3/pandas-1.4.3-cp38-cp38-manylinux_2_17_x86_64.manylinux2014_x86_64.whl", hash = "sha256:6dfbf16b1ea4f4d0ee11084d9c026340514d1d30270eaa82a9f1297b6c8ecbf0"},
    {url = "https://files.pythonhosted.org/packages/df/88/d6176ffc5b271924f45e356cd0f5781538446ce143f693ba8dbabeea10b8/pandas-1.4.3-cp310-cp310-macosx_11_0_arm64.whl", hash = "sha256:958a0588149190c22cdebbc0797e01972950c927a11a900fe6c2296f207b1d6f"},
    {url = "https://files.pythonhosted.org/packages/ea/e4/a1cbaca4069fdd92c930bb1c5eebd9ea9c55717a9bf60bd41708c8a33f5a/pandas-1.4.3-cp310-cp310-manylinux_2_17_x86_64.manylinux2014_x86_64.whl", hash = "sha256:6f803320c9da732cc79210d7e8cc5c8019aad512589c910c66529eb1b1818230"},
    {url = "https://files.pythonhosted.org/packages/ec/49/0b304252f670ce4074eeddb61f184b81708826343e89ee90c0395db32f71/pandas-1.4.3-cp310-cp310-macosx_10_9_x86_64.whl", hash = "sha256:16ad23db55efcc93fa878f7837267973b61ea85d244fc5ff0ccbcfa5638706c5"},
    {url = "https://files.pythonhosted.org/packages/ed/7d/25f52988bd6949319946ff99a75b547f7bf3f20aff8b2b84fda047bdcd04/pandas-1.4.3-cp39-cp39-macosx_11_0_arm64.whl", hash = "sha256:755679c49460bd0d2f837ab99f0a26948e68fa0718b7e42afbabd074d945bf84"},
    {url = "https://files.pythonhosted.org/packages/f4/00/2de395c769335956b8650f990ef2a15e860be83b544c408ff95713446329/pandas-1.4.3.tar.gz", hash = "sha256:2ff7788468e75917574f080cd4681b27e1a7bf36461fe968b49a87b5a54d007c"},
]
"pathspec 0.9.0" = [
    {url = "https://files.pythonhosted.org/packages/42/ba/a9d64c7bcbc7e3e8e5f93a52721b377e994c22d16196e2b0f1236774353a/pathspec-0.9.0-py2.py3-none-any.whl", hash = "sha256:7d15c4ddb0b5c802d161efc417ec1a2558ea2653c2e8ad9c19098201dc1c993a"},
    {url = "https://files.pythonhosted.org/packages/f6/33/436c5cb94e9f8902e59d1d544eb298b83c84b9ec37b5b769c5a0ad6edb19/pathspec-0.9.0.tar.gz", hash = "sha256:e564499435a2673d586f6b2130bb5b95f04a3ba06f81b8f895b651a3c76aabb1"},
]
"platformdirs 2.5.2" = [
    {url = "https://files.pythonhosted.org/packages/ed/22/967181c94c3a4063fe64e15331b4cb366bdd7dfbf46fcb8ad89650026fec/platformdirs-2.5.2-py3-none-any.whl", hash = "sha256:027d8e83a2d7de06bbac4e5ef7e023c02b863d7ea5d079477e722bb41ab25788"},
    {url = "https://files.pythonhosted.org/packages/ff/7b/3613df51e6afbf2306fc2465671c03390229b55e3ef3ab9dd3f846a53be6/platformdirs-2.5.2.tar.gz", hash = "sha256:58c8abb07dcb441e6ee4b11d8df0ac856038f944ab98b7be6b27b2a3c7feef19"},
]
"pluggy 0.13.1" = [
    {url = "https://files.pythonhosted.org/packages/a0/28/85c7aa31b80d150b772fbe4a229487bc6644da9ccb7e427dd8cc60cb8a62/pluggy-0.13.1-py2.py3-none-any.whl", hash = "sha256:966c145cd83c96502c3c3868f50408687b38434af77734af1e9ca461a4081d2d"},
    {url = "https://files.pythonhosted.org/packages/f8/04/7a8542bed4b16a65c2714bf76cf5a0b026157da7f75e87cc88774aa10b14/pluggy-0.13.1.tar.gz", hash = "sha256:15b2acde666561e1298d71b523007ed7364de07029219b604cf808bfa1c765b0"},
]
"py 1.11.0" = [
    {url = "https://files.pythonhosted.org/packages/98/ff/fec109ceb715d2a6b4c4a85a61af3b40c723a961e8828319fbcb15b868dc/py-1.11.0.tar.gz", hash = "sha256:51c75c4126074b472f746a24399ad32f6053d1b34b68d2fa41e558e6f4a98719"},
    {url = "https://files.pythonhosted.org/packages/f6/f0/10642828a8dfb741e5f3fbaac830550a518a775c7fff6f04a007259b0548/py-1.11.0-py2.py3-none-any.whl", hash = "sha256:607c53218732647dff4acdfcd50cb62615cedf612e72d1724fb1a0cc6405b378"},
]
"pyparsing 3.0.9" = [
    {url = "https://files.pythonhosted.org/packages/6c/10/a7d0fa5baea8fe7b50f448ab742f26f52b80bfca85ac2be9d35cdd9a3246/pyparsing-3.0.9-py3-none-any.whl", hash = "sha256:5026bae9a10eeaefb61dab2f09052b9f4307d44aee4eda64b309723d8d206bbc"},
    {url = "https://files.pythonhosted.org/packages/71/22/207523d16464c40a0310d2d4d8926daffa00ac1f5b1576170a32db749636/pyparsing-3.0.9.tar.gz", hash = "sha256:2b020ecf7d21b687f219b71ecad3631f644a47f01403fa1d1036b0c6416d70fb"},
]
"pytest 6.2.0" = [
    {url = "https://files.pythonhosted.org/packages/57/ab/969446024b65731fb00ce57cb0f9c3eca5d3485b9f9a3a3662721fa09bc3/pytest-6.2.0-py3-none-any.whl", hash = "sha256:d69e1a80b34fe4d596c9142f35d9e523d98a2838976f1a68419a8f051b24cec6"},
    {url = "https://files.pythonhosted.org/packages/9d/f8/d45fb06f5eca788003c089600ee775243960f9f7696097812572e01a6ebc/pytest-6.2.0.tar.gz", hash = "sha256:b12e09409c5bdedc28d308469e156127004a436b41e9b44f9bff6446cbab9152"},
]
"pytest-cov 2.12.0" = [
    {url = "https://files.pythonhosted.org/packages/2c/70/184e8f4804b21dca4d78b6b76414c9d3b29cedbdef7ba28cdf14fe7de3e0/pytest_cov-2.12.0-py2.py3-none-any.whl", hash = "sha256:95d4933dcbbacfa377bb60b29801daa30d90c33981ab2a79e9ab4452c165066e"},
    {url = "https://files.pythonhosted.org/packages/48/4f/07cb54230a88dd3d2af3d9a14a3fcf6d6f1fb94559345c027bcefae93501/pytest-cov-2.12.0.tar.gz", hash = "sha256:8535764137fecce504a49c2b742288e3d34bc09eed298ad65963616cc98fd45e"},
]
"python-dateutil 2.8.2" = [
    {url = "https://files.pythonhosted.org/packages/36/7a/87837f39d0296e723bb9b62bbb257d0355c7f6128853c78955f57342a56d/python_dateutil-2.8.2-py2.py3-none-any.whl", hash = "sha256:961d03dc3453ebbc59dbdea9e4e11c5651520a876d0f4db161e8674aae935da9"},
    {url = "https://files.pythonhosted.org/packages/4c/c4/13b4776ea2d76c115c1d1b84579f3764ee6d57204f6be27119f13a61d0a9/python-dateutil-2.8.2.tar.gz", hash = "sha256:0123cacc1627ae19ddf3c27a5de5bd67ee4586fbdd6440d9748f8abb483d3e86"},
]
"pytz 2022.2.1" = [
    {url = "https://files.pythonhosted.org/packages/24/0c/401283bb1499768e33ddd2e1a35817c775405c1f047a9dc088a29ce2ea5d/pytz-2022.2.1.tar.gz", hash = "sha256:cea221417204f2d1a2aa03ddae3e867921971d0d76f14d87abb4414415bbdcf5"},
    {url = "https://files.pythonhosted.org/packages/d5/50/54451e88e3da4616286029a3a17fc377de817f66a0f50e1faaee90161724/pytz-2022.2.1-py2.py3-none-any.whl", hash = "sha256:220f481bdafa09c3955dfbdddb7b57780e9a94f5127e35456a48589b9e0c0197"},
]
"six 1.16.0" = [
    {url = "https://files.pythonhosted.org/packages/71/39/171f1c67cd00715f190ba0b100d606d440a28c93c7714febeca8b79af85e/six-1.16.0.tar.gz", hash = "sha256:1e61c37477a1626458e36f7b1d82aa5c9b094fa4802892072e49de9c60c4c926"},
    {url = "https://files.pythonhosted.org/packages/d9/5a/e7c31adbe875f2abbb91bd84cf2dc52d792b5a01506781dbcf25c91daf11/six-1.16.0-py2.py3-none-any.whl", hash = "sha256:8abb2f1d86890a2dfb989f9a77cfcfd3e47c2a354b01111771326f8aa26e0254"},
]
"toml 0.10.2" = [
    {url = "https://files.pythonhosted.org/packages/44/6f/7120676b6d73228c96e17f1f794d8ab046fc910d781c8d151120c3f1569e/toml-0.10.2-py2.py3-none-any.whl", hash = "sha256:806143ae5bfb6a3c6e736a764057db0e6a0e05e338b5630894a5f779cabb4f9b"},
    {url = "https://files.pythonhosted.org/packages/be/ba/1f744cdc819428fc6b5084ec34d9b30660f6f9daaf70eead706e3203ec3c/toml-0.10.2.tar.gz", hash = "sha256:b3bda1d108d5dd99f4a20d24d9c348e91c4db7ab1b749200bded2f839ccbe68f"},
]
"tomli 2.0.1" = [
    {url = "https://files.pythonhosted.org/packages/97/75/10a9ebee3fd790d20926a90a2547f0bf78f371b2f13aa822c759680ca7b9/tomli-2.0.1-py3-none-any.whl", hash = "sha256:939de3e7a6161af0c887ef91b7d41a53e7c5a1ca976325f429cb46ea9bc30ecc"},
    {url = "https://files.pythonhosted.org/packages/c0/3f/d7af728f075fb08564c5949a9c95e44352e23dee646869fa104a3b2060a3/tomli-2.0.1.tar.gz", hash = "sha256:de526c12914f0c550d15924c62d72abc48d6fe7364aa87328337a31007fe8a4f"},
]
"typing-extensions 4.3.0" = [
    {url = "https://files.pythonhosted.org/packages/9e/1d/d128169ff58c501059330f1ad96ed62b79114a2eb30b8238af63a2e27f70/typing_extensions-4.3.0.tar.gz", hash = "sha256:e6d2677a32f47fc7eb2795db1dd15c1f34eff616bcaf2cfb5e997f854fa1c4a6"},
    {url = "https://files.pythonhosted.org/packages/ed/d6/2afc375a8d55b8be879d6b4986d4f69f01115e795e36827fd3a40166028b/typing_extensions-4.3.0-py3-none-any.whl", hash = "sha256:25642c956049920a5aa49edcdd6ab1e06d7e5d467fc00e0506c44ac86fbfca02"},
]
